
Microsoft Visual Studio Solution File, Format Version 12.00
# Visual Studio Version 16
VisualStudioVersion = 16.0.30002.166
MinimumVisualStudioVersion = 10.0.40219.1
Project("{FAE04EC0-301F-11D3-BF4B-00C04F79EFBC}") = "EscalasMetodista", "EscalasMetodista.csproj", "{AD2E582E-6A21-49F5-8D2B-E7A661DEF022}"
EndProject
Global
	GlobalSection(SolutionConfigurationPlatforms) = preSolution
		Debug|Any CPU = Debug|Any CPU
		Release|Any CPU = Release|Any CPU
	EndGlobalSection
	GlobalSection(ProjectConfigurationPlatforms) = postSolution
		{AD2E582E-6A21-49F5-8D2B-E7A661DEF022}.Debug|Any CPU.ActiveCfg = Debug|Any CPU
		{AD2E582E-6A21-49F5-8D2B-E7A661DEF022}.Debug|Any CPU.Build.0 = Debug|Any CPU
		{AD2E582E-6A21-49F5-8D2B-E7A661DEF022}.Release|Any CPU.ActiveCfg = Release|Any CPU
		{AD2E582E-6A21-49F5-8D2B-E7A661DEF022}.Release|Any CPU.Build.0 = Release|Any CPU
	EndGlobalSection
	GlobalSection(SolutionProperties) = preSolution
		HideSolutionNode = FALSE
	EndGlobalSection
	GlobalSection(ExtensibilityGlobals) = postSolution
		SolutionGuid = {D0E8FDA0-8A64-4EDC-93E9-5B540EAEF60C}
	EndGlobalSection
EndGlobal
